{
  "version": 4,
  "terraform_version": "1.6.4",
  "serial": 38,
  "lineage": "e56a12c5-4803-09eb-784f-4e1740aede30",
  "outputs": {},
  "resources": [
    {
      "mode": "managed",
      "type": "local_file",
      "name": "my_studio",
      "provider": "provider[\"registry.terraform.io/hashicorp/local\"]",
      "instances": [
        {
          "schema_version": 0,
          "attributes": {
            "content": "pics of shoot",
            "content_base64": null,
            "content_base64sha256": "Xr15WUUZIQzDoon5W433MPK7J/GQCEBk6g0mhLRszJE=",
            "content_base64sha512": "3Xrfyi9hqGN1cnAqMwNQCyKWrPEmXwHmtLQpXFEAplp7KBav3jqbLTpHOVfcwiK7kyTnl9MfWWQUwcTA1kSd8g==",
            "content_md5": "f7d5a40fef72141a5c56120a2eee86ff",
            "content_sha1": "9e78911f7133b75b540b155316b1aababa05724e",
            "content_sha256": "5ebd79594519210cc3a289f95b8df730f2bb27f190084064ea0d2684b46ccc91",
            "content_sha512": "dd7adfca2f61a8637572702a3303500b2296acf1265f01e6b4b4295c5100a65a7b2816afde3a9b2d3a473957dcc222bb9324e797d31f596414c1c4c0d6449df2",
            "directory_permission": "0777",
            "file_permission": "0777",
            "filename": "studio.txt",
            "id": "9e78911f7133b75b540b155316b1aababa05724e",
            "sensitive_content": null,
            "source": null
          },
          "sensitive_attributes": []
        }
      ]
    }
  ],
  "check_results": null
}
