{
  "version": 4,
  "terraform_version": "1.6.4",
  "serial": 41,
  "lineage": "e56a12c5-4803-09eb-784f-4e1740aede30",
  "outputs": {},
  "resources": [
    {
      "mode": "managed",
      "type": "local_file",
      "name": "my_studio",
      "provider": "provider[\"registry.terraform.io/hashicorp/local\"]",
      "instances": [
        {
          "schema_version": 0,
          "attributes": {
            "content": "photos of vacation",
            "content_base64": null,
            "content_base64sha256": "9IdoGqxE5ZuzGmB37ffTa9cIrwJk9vbNhEXMbXSI6mg=",
            "content_base64sha512": "4T/4a1F9hBmdmMS1y0zrWelYPQBKiPuiqPUiT3LuBZM4RJJmXgg1ze5HLl46ylgZYyo/til9Ei9YviBWfT6Pag==",
            "content_md5": "33b063541758a2b50dc05b2d65b77e3d",
            "content_sha1": "c2391bf96c59f2db97ad78c989bd062adbd28423",
            "content_sha256": "f487681aac44e59bb31a6077edf7d36bd708af0264f6f6cd8445cc6d7488ea68",
            "content_sha512": "e13ff86b517d84199d98c4b5cb4ceb59e9583d004a88fba2a8f5224f72ee0593384492665e0835cdee472e5e3aca5819632a3fb6297d122f58be20567d3e8f6a",
            "directory_permission": "0777",
            "file_permission": "0777",
            "filename": "images.txt",
            "id": "c2391bf96c59f2db97ad78c989bd062adbd28423",
            "sensitive_content": null,
            "source": null
          },
          "sensitive_attributes": []
        }
      ]
    }
  ],
  "check_results": null
}
